// !$*UTF8*$!
{
	archiveVersion = 1;
	classes = {
	};
	objectVersion = 50;
	objects = {

/* Begin PBXBuildFile section */
		BE1E9473239EDE6800A4DB14 /* UsersAPIClient.swift in Sources */ = {isa = PBXBuildFile; fileRef = BE1E9472239EDE6800A4DB14 /* UsersAPIClient.swift */; };
		BE1E9475239EDEDA00A4DB14 /* RandomUsers.swift in Sources */ = {isa = PBXBuildFile; fileRef = BE1E9474239EDEDA00A4DB14 /* RandomUsers.swift */; };
		BE1E9477239EE83300A4DB14 /* RandomUserCell.swift in Sources */ = {isa = PBXBuildFile; fileRef = BE1E9476239EE83300A4DB14 /* RandomUserCell.swift */; };
		BE6F5480239DA3FC002A4381 /* NetworkHelper.swift in Sources */ = {isa = PBXBuildFile; fileRef = BE6F547F239DA3FC002A4381 /* NetworkHelper.swift */; };
		BE6F5482239DA456002A4381 /* Comic.swift in Sources */ = {isa = PBXBuildFile; fileRef = BE6F5481239DA456002A4381 /* Comic.swift */; };
		BE6F5484239DA4A7002A4381 /* ComicAPIClient.swift in Sources */ = {isa = PBXBuildFile; fileRef = BE6F5483239DA4A7002A4381 /* ComicAPIClient.swift */; };
		BE6F5486239DAE86002A4381 /* PokemonViewController.swift in Sources */ = {isa = PBXBuildFile; fileRef = BE6F5485239DAE86002A4381 /* PokemonViewController.swift */; };
		BE6F5488239DAED1002A4381 /* PokemonDetailViewController.swift in Sources */ = {isa = PBXBuildFile; fileRef = BE6F5487239DAED1002A4381 /* PokemonDetailViewController.swift */; };
		BE6F548A239DAF03002A4381 /* UsersViewController.swift in Sources */ = {isa = PBXBuildFile; fileRef = BE6F5489239DAF03002A4381 /* UsersViewController.swift */; };
		BE6F548C239DAF21002A4381 /* UsersDetailViewController.swift in Sources */ = {isa = PBXBuildFile; fileRef = BE6F548B239DAF21002A4381 /* UsersDetailViewController.swift */; };
		BE6F548E239DAF57002A4381 /* Pokemon.swift in Sources */ = {isa = PBXBuildFile; fileRef = BE6F548D239DAF57002A4381 /* Pokemon.swift */; };
		BE6F5490239DB24A002A4381 /* PokemonAPIClient.swift in Sources */ = {isa = PBXBuildFile; fileRef = BE6F548F239DB24A002A4381 /* PokemonAPIClient.swift */; };
		BE6F5494239E139F002A4381 /* PokemonCell.swift in Sources */ = {isa = PBXBuildFile; fileRef = BE6F5493239E139F002A4381 /* PokemonCell.swift */; };
		BE6F5496239E1529002A4381 /* ImageClient.swift in Sources */ = {isa = PBXBuildFile; fileRef = BE6F5495239E1529002A4381 /* ImageClient.swift */; };
		BEC83191239CA062005BF533 /* AppDelegate.swift in Sources */ = {isa = PBXBuildFile; fileRef = BEC83190239CA062005BF533 /* AppDelegate.swift */; };
		BEC83193239CA062005BF533 /* SceneDelegate.swift in Sources */ = {isa = PBXBuildFile; fileRef = BEC83192239CA062005BF533 /* SceneDelegate.swift */; };
		BEC83195239CA062005BF533 /* ComicsViewController.swift in Sources */ = {isa = PBXBuildFile; fileRef = BEC83194239CA062005BF533 /* ComicsViewController.swift */; };
		BEC83198239CA062005BF533 /* Main.storyboard in Resources */ = {isa = PBXBuildFile; fileRef = BEC83196239CA062005BF533 /* Main.storyboard */; };
		BEC8319A239CA065005BF533 /* Assets.xcassets in Resources */ = {isa = PBXBuildFile; fileRef = BEC83199239CA065005BF533 /* Assets.xcassets */; };
		BEC8319D239CA065005BF533 /* LaunchScreen.storyboard in Resources */ = {isa = PBXBuildFile; fileRef = BEC8319B239CA065005BF533 /* LaunchScreen.storyboard */; };
/* End PBXBuildFile section */

/* Begin PBXFileReference section */
		BE1E9472239EDE6800A4DB14 /* UsersAPIClient.swift */ = {isa = PBXFileReference; lastKnownFileType = sourcecode.swift; path = UsersAPIClient.swift; sourceTree = "<group>"; };
		BE1E9474239EDEDA00A4DB14 /* RandomUsers.swift */ = {isa = PBXFileReference; lastKnownFileType = sourcecode.swift; path = RandomUsers.swift; sourceTree = "<group>"; };
		BE1E9476239EE83300A4DB14 /* RandomUserCell.swift */ = {isa = PBXFileReference; lastKnownFileType = sourcecode.swift; path = RandomUserCell.swift; sourceTree = "<group>"; };
		BE6F547F239DA3FC002A4381 /* NetworkHelper.swift */ = {isa = PBXFileReference; lastKnownFileType = sourcecode.swift; path = NetworkHelper.swift; sourceTree = "<group>"; };
		BE6F5481239DA456002A4381 /* Comic.swift */ = {isa = PBXFileReference; lastKnownFileType = sourcecode.swift; path = Comic.swift; sourceTree = "<group>"; };
		BE6F5483239DA4A7002A4381 /* ComicAPIClient.swift */ = {isa = PBXFileReference; lastKnownFileType = sourcecode.swift; path = ComicAPIClient.swift; sourceTree = "<group>"; };
		BE6F5485239DAE86002A4381 /* PokemonViewController.swift */ = {isa = PBXFileReference; lastKnownFileType = sourcecode.swift; path = PokemonViewController.swift; sourceTree = "<group>"; };
		BE6F5487239DAED1002A4381 /* PokemonDetailViewController.swift */ = {isa = PBXFileReference; lastKnownFileType = sourcecode.swift; path = PokemonDetailViewController.swift; sourceTree = "<group>"; };
		BE6F5489239DAF03002A4381 /* UsersViewController.swift */ = {isa = PBXFileReference; lastKnownFileType = sourcecode.swift; path = UsersViewController.swift; sourceTree = "<group>"; };
		BE6F548B239DAF21002A4381 /* UsersDetailViewController.swift */ = {isa = PBXFileReference; lastKnownFileType = sourcecode.swift; path = UsersDetailViewController.swift; sourceTree = "<group>"; };
		BE6F548D239DAF57002A4381 /* Pokemon.swift */ = {isa = PBXFileReference; lastKnownFileType = sourcecode.swift; path = Pokemon.swift; sourceTree = "<group>"; };
		BE6F548F239DB24A002A4381 /* PokemonAPIClient.swift */ = {isa = PBXFileReference; lastKnownFileType = sourcecode.swift; path = PokemonAPIClient.swift; sourceTree = "<group>"; };
		BE6F5493239E139F002A4381 /* PokemonCell.swift */ = {isa = PBXFileReference; lastKnownFileType = sourcecode.swift; path = PokemonCell.swift; sourceTree = "<group>"; };
		BE6F5495239E1529002A4381 /* ImageClient.swift */ = {isa = PBXFileReference; lastKnownFileType = sourcecode.swift; path = ImageClient.swift; sourceTree = "<group>"; };
		BEC8318D239CA062005BF533 /* ImagesLab.app */ = {isa = PBXFileReference; explicitFileType = wrapper.application; includeInIndex = 0; path = ImagesLab.app; sourceTree = BUILT_PRODUCTS_DIR; };
		BEC83190239CA062005BF533 /* AppDelegate.swift */ = {isa = PBXFileReference; lastKnownFileType = sourcecode.swift; path = AppDelegate.swift; sourceTree = "<group>"; };
		BEC83192239CA062005BF533 /* SceneDelegate.swift */ = {isa = PBXFileReference; lastKnownFileType = sourcecode.swift; path = SceneDelegate.swift; sourceTree = "<group>"; };
		BEC83194239CA062005BF533 /* ComicsViewController.swift */ = {isa = PBXFileReference; lastKnownFileType = sourcecode.swift; path = ComicsViewController.swift; sourceTree = "<group>"; };
		BEC83197239CA062005BF533 /* Base */ = {isa = PBXFileReference; lastKnownFileType = file.storyboard; name = Base; path = Base.lproj/Main.storyboard; sourceTree = "<group>"; };
		BEC83199239CA065005BF533 /* Assets.xcassets */ = {isa = PBXFileReference; lastKnownFileType = folder.assetcatalog; path = Assets.xcassets; sourceTree = "<group>"; };
		BEC8319C239CA065005BF533 /* Base */ = {isa = PBXFileReference; lastKnownFileType = file.storyboard; name = Base; path = Base.lproj/LaunchScreen.storyboard; sourceTree = "<group>"; };
		BEC8319E239CA065005BF533 /* Info.plist */ = {isa = PBXFileReference; lastKnownFileType = text.plist.xml; path = Info.plist; sourceTree = "<group>"; };
/* End PBXFileReference section */

/* Begin PBXFrameworksBuildPhase section */
		BEC8318A239CA062005BF533 /* Frameworks */ = {
			isa = PBXFrameworksBuildPhase;
			buildActionMask = 2147483647;
			files = (
			);
			runOnlyForDeploymentPostprocessing = 0;
		};
/* End PBXFrameworksBuildPhase section */

/* Begin PBXGroup section */
		BEC2293D23A46B1D001859FD /* Controllers */ = {
			isa = PBXGroup;
			children = (
				BE6F5485239DAE86002A4381 /* PokemonViewController.swift */,
				BE6F5487239DAED1002A4381 /* PokemonDetailViewController.swift */,
				BE6F5489239DAF03002A4381 /* UsersViewController.swift */,
				BE6F548B239DAF21002A4381 /* UsersDetailViewController.swift */,
				BEC83194239CA062005BF533 /* ComicsViewController.swift */,
				BE6F5493239E139F002A4381 /* PokemonCell.swift */,
			);
			path = Controllers;
			sourceTree = "<group>";
		};
		BEC2293E23A46B2E001859FD /* Cells */ = {
			isa = PBXGroup;
			children = (
				BE1E9476239EE83300A4DB14 /* RandomUserCell.swift */,
			);
			path = Cells;
			sourceTree = "<group>";
		};
		BEC2293F23A46B3D001859FD /* NetworkHelpers */ = {
			isa = PBXGroup;
			children = (
				BE6F547F239DA3FC002A4381 /* NetworkHelper.swift */,
				BE6F5483239DA4A7002A4381 /* ComicAPIClient.swift */,
				BE6F5495239E1529002A4381 /* ImageClient.swift */,
				BE6F548F239DB24A002A4381 /* PokemonAPIClient.swift */,
				BE1E9472239EDE6800A4DB14 /* UsersAPIClient.swift */,
			);
			path = NetworkHelpers;
			sourceTree = "<group>";
		};
		BEC2294023A46B4E001859FD /* Models */ = {
			isa = PBXGroup;
			children = (
				BE6F548D239DAF57002A4381 /* Pokemon.swift */,
				BE6F5481239DA456002A4381 /* Comic.swift */,
				BE1E9474239EDEDA00A4DB14 /* RandomUsers.swift */,
			);
			path = Models;
			sourceTree = "<group>";
		};
		BEC83184239CA062005BF533 = {
			isa = PBXGroup;
			children = (
				BEC8318F239CA062005BF533 /* ImagesLab */,
				BEC8318E239CA062005BF533 /* Products */,
			);
			sourceTree = "<group>";
		};
		BEC8318E239CA062005BF533 /* Products */ = {
			isa = PBXGroup;
			children = (
				BEC8318D239CA062005BF533 /* ImagesLab.app */,
			);
			name = Products;
			sourceTree = "<group>";
		};
		BEC8318F239CA062005BF533 /* ImagesLab */ = {
			isa = PBXGroup;
			children = (
				BEC2293E23A46B2E001859FD /* Cells */,
				BEC2294023A46B4E001859FD /* Models */,
				BEC2293F23A46B3D001859FD /* NetworkHelpers */,
				BEC2293D23A46B1D001859FD /* Controllers */,
				BEC83196239CA062005BF533 /* Main.storyboard */,
				BEC83190239CA062005BF533 /* AppDelegate.swift */,
				BEC83192239CA062005BF533 /* SceneDelegate.swift */,
				BEC83199239CA065005BF533 /* Assets.xcassets */,
				BEC8319B239CA065005BF533 /* LaunchScreen.storyboard */,
				BEC8319E239CA065005BF533 /* Info.plist */,
			);
			path = ImagesLab;
			sourceTree = "<group>";
		};
/* End PBXGroup section */

/* Begin PBXNativeTarget section */
		BEC8318C239CA062005BF533 /* ImagesLab */ = {
			isa = PBXNativeTarget;
			buildConfigurationList = BEC831A1239CA065005BF533 /* Build configuration list for PBXNativeTarget "ImagesLab" */;
			buildPhases = (
				BEC83189239CA062005BF533 /* Sources */,
				BEC8318A239CA062005BF533 /* Frameworks */,
				BEC8318B239CA062005BF533 /* Resources */,
			);
			buildRules = (
			);
			dependencies = (
			);
			name = ImagesLab;
			productName = ImagesLab;
			productReference = BEC8318D239CA062005BF533 /* ImagesLab.app */;
			productType = "com.apple.product-type.application";
		};
/* End PBXNativeTarget section */

/* Begin PBXProject section */
		BEC83185239CA062005BF533 /* Project object */ = {
			isa = PBXProject;
			attributes = {
				LastSwiftUpdateCheck = 1100;
				LastUpgradeCheck = 1100;
				ORGANIZATIONNAME = "Oscar Victoria Gonzalez ";
				TargetAttributes = {
					BEC8318C239CA062005BF533 = {
						CreatedOnToolsVersion = 11.0;
					};
				};
			};
			buildConfigurationList = BEC83188239CA062005BF533 /* Build configuration list for PBXProject "ImagesLab" */;
			compatibilityVersion = "Xcode 9.3";
			developmentRegion = en;
			hasScannedForEncodings = 0;
			knownRegions = (
				en,
				Base,
			);
			mainGroup = BEC83184239CA062005BF533;
			productRefGroup = BEC8318E239CA062005BF533 /* Products */;
			projectDirPath = "";
			projectRoot = "";
			targets = (
				BEC8318C239CA062005BF533 /* ImagesLab */,
			);
		};
/* End PBXProject section */

/* Begin PBXResourcesBuildPhase section */
		BEC8318B239CA062005BF533 /* Resources */ = {
			isa = PBXResourcesBuildPhase;
			buildActionMask = 2147483647;
			files = (
				BEC8319D239CA065005BF533 /* LaunchScreen.storyboard in Resources */,
				BEC8319A239CA065005BF533 /* Assets.xcassets in Resources */,
				BEC83198239CA062005BF533 /* Main.storyboard in Resources */,
			);
			runOnlyForDeploymentPostprocessing = 0;
		};
/* End PBXResourcesBuildPhase section */

/* Begin PBXSourcesBuildPhase section */
		BEC83189239CA062005BF533 /* Sources */ = {
			isa = PBXSourcesBuildPhase;
			buildActionMask = 2147483647;
			files = (
				BE6F5480239DA3FC002A4381 /* NetworkHelper.swift in Sources */,
				BE1E9473239EDE6800A4DB14 /* UsersAPIClient.swift in Sources */,
				BEC83195239CA062005BF533 /* ComicsViewController.swift in Sources */,
				BE6F5482239DA456002A4381 /* Comic.swift in Sources */,
				BE6F5490239DB24A002A4381 /* PokemonAPIClient.swift in Sources */,
				BE6F5486239DAE86002A4381 /* PokemonViewController.swift in Sources */,
				BE1E9477239EE83300A4DB14 /* RandomUserCell.swift in Sources */,
				BE6F5484239DA4A7002A4381 /* ComicAPIClient.swift in Sources */,
				BE6F5496239E1529002A4381 /* ImageClient.swift in Sources */,
				BE6F5488239DAED1002A4381 /* PokemonDetailViewController.swift in Sources */,
				BE6F5494239E139F002A4381 /* PokemonCell.swift in Sources */,
				BE6F548E239DAF57002A4381 /* Pokemon.swift in Sources */,
				BEC83191239CA062005BF533 /* AppDelegate.swift in Sources */,
				BE6F548A239DAF03002A4381 /* UsersViewController.swift in Sources */,
				BE6F548C239DAF21002A4381 /* UsersDetailViewController.swift in Sources */,
				BEC83193239CA062005BF533 /* SceneDelegate.swift in Sources */,
				BE1E9475239EDEDA00A4DB14 /* RandomUsers.swift in Sources */,
			);
			runOnlyForDeploymentPostprocessing = 0;
		};
/* End PBXSourcesBuildPhase section */

/* Begin PBXVariantGroup section */
		BEC83196239CA062005BF533 /* Main.storyboard */ = {
			isa = PBXVariantGroup;
			children = (
				BEC83197239CA062005BF533 /* Base */,
			);
			name = Main.storyboard;
			sourceTree = "<group>";
		};
		BEC8319B239CA065005BF533 /* LaunchScreen.storyboard */ = {
			isa = PBXVariantGroup;
			children = (
				BEC8319C239CA065005BF533 /* Base */,
			);
			name = LaunchScreen.storyboard;
			sourceTree = "<group>";
		};
/* End PBXVariantGroup section */

/* Begin XCBuildConfiguration section */
		BEC8319F239CA065005BF533 /* Debug */ = {
			isa = XCBuildConfiguration;
			buildSettings = {
				ALWAYS_SEARCH_USER_PATHS = NO;
				CLANG_ANALYZER_NONNULL = YES;
				CLANG_ANALYZER_NUMBER_OBJECT_CONVERSION = YES_AGGRESSIVE;
				CLANG_CXX_LANGUAGE_STANDARD = "gnu++14";
				CLANG_CXX_LIBRARY = "libc++";
				CLANG_ENABLE_MODULES = YES;
				CLANG_ENABLE_OBJC_ARC = YES;
				CLANG_ENABLE_OBJC_WEAK = YES;
				CLANG_WARN_BLOCK_CAPTURE_AUTORELEASING = YES;
				CLANG_WARN_BOOL_CONVERSION = YES;
				CLANG_WARN_COMMA = YES;
				CLANG_WARN_CONSTANT_CONVERSION = YES;
				CLANG_WARN_DEPRECATED_OBJC_IMPLEMENTATIONS = YES;
				CLANG_WARN_DIRECT_OBJC_ISA_USAGE = YES_ERROR;
				CLANG_WARN_DOCUMENTATION_COMMENTS = YES;
				CLANG_WARN_EMPTY_BODY = YES;
				CLANG_WARN_ENUM_CONVERSION = YES;
				CLANG_WARN_INFINITE_RECURSION = YES;
				CLANG_WARN_INT_CONVERSION = YES;
				CLANG_WARN_NON_LITERAL_NULL_CONVERSION = YES;
				CLANG_WARN_OBJC_IMPLICIT_RETAIN_SELF = YES;
				CLANG_WARN_OBJC_LITERAL_CONVERSION = YES;
				CLANG_WARN_OBJC_ROOT_CLASS = YES_ERROR;
				CLANG_WARN_RANGE_LOOP_ANALYSIS = YES;
				CLANG_WARN_STRICT_PROTOTYPES = YES;
				CLANG_WARN_SUSPICIOUS_MOVE = YES;
				CLANG_WARN_UNGUARDED_AVAILABILITY = YES_AGGRESSIVE;
				CLANG_WARN_UNREACHABLE_CODE = YES;
				CLANG_WARN__DUPLICATE_METHOD_MATCH = YES;
				COPY_PHASE_STRIP = NO;
				DEBUG_INFORMATION_FORMAT = dwarf;
				ENABLE_STRICT_OBJC_MSGSEND = YES;
				ENABLE_TESTABILITY = YES;
				GCC_C_LANGUAGE_STANDARD = gnu11;
				GCC_DYNAMIC_NO_PIC = NO;
				GCC_NO_COMMON_BLOCKS = YES;
				GCC_OPTIMIZATION_LEVEL = 0;
				GCC_PREPROCESSOR_DEFINITIONS = (
					"DEBUG=1",
					"$(inherited)",
				);
				GCC_WARN_64_TO_32_BIT_CONVERSION = YES;
				GCC_WARN_ABOUT_RETURN_TYPE = YES_ERROR;
				GCC_WARN_UNDECLARED_SELECTOR = YES;
				GCC_WARN_UNINITIALIZED_AUTOS = YES_AGGRESSIVE;
				GCC_WARN_UNUSED_FUNCTION = YES;
				GCC_WARN_UNUSED_VARIABLE = YES;
				IPHONEOS_DEPLOYMENT_TARGET = 13.0;
				MTL_ENABLE_DEBUG_INFO = INCLUDE_SOURCE;
				MTL_FAST_MATH = YES;
				ONLY_ACTIVE_ARCH = YES;
				SDKROOT = iphoneos;
				SWIFT_ACTIVE_COMPILATION_CONDITIONS = DEBUG;
				SWIFT_OPTIMIZATION_LEVEL = "-Onone";
			};
			name = Debug;
		};
		BEC831A0239CA065005BF533 /* Release */ = {
			isa = XCBuildConfiguration;
			buildSettings = {
				ALWAYS_SEARCH_USER_PATHS = NO;
				CLANG_ANALYZER_NONNULL = YES;
				CLANG_ANALYZER_NUMBER_OBJECT_CONVERSION = YES_AGGRESSIVE;
				CLANG_CXX_LANGUAGE_STANDARD = "gnu++14";
				CLANG_CXX_LIBRARY = "libc++";
				CLANG_ENABLE_MODULES = YES;
				CLANG_ENABLE_OBJC_ARC = YES;
				CLANG_ENABLE_OBJC_WEAK = YES;
				CLANG_WARN_BLOCK_CAPTURE_AUTORELEASING = YES;
				CLANG_WARN_BOOL_CONVERSION = YES;
				CLANG_WARN_COMMA = YES;
				CLANG_WARN_CONSTANT_CONVERSION = YES;
				CLANG_WARN_DEPRECATED_OBJC_IMPLEMENTATIONS = YES;
				CLANG_WARN_DIRECT_OBJC_ISA_USAGE = YES_ERROR;
				CLANG_WARN_DOCUMENTATION_COMMENTS = YES;
				CLANG_WARN_EMPTY_BODY = YES;
				CLANG_WARN_ENUM_CONVERSION = YES;
				CLANG_WARN_INFINITE_RECURSION = YES;
				CLANG_WARN_INT_CONVERSION = YES;
				CLANG_WARN_NON_LITERAL_NULL_CONVERSION = YES;
				CLANG_WARN_OBJC_IMPLICIT_RETAIN_SELF = YES;
				CLANG_WARN_OBJC_LITERAL_CONVERSION = YES;
				CLANG_WARN_OBJC_ROOT_CLASS = YES_ERROR;
				CLANG_WARN_RANGE_LOOP_ANALYSIS = YES;
				CLANG_WARN_STRICT_PROTOTYPES = YES;
				CLANG_WARN_SUSPICIOUS_MOVE = YES;
				CLANG_WARN_UNGUARDED_AVAILABILITY = YES_AGGRESSIVE;
				CLANG_WARN_UNREACHABLE_CODE = YES;
				CLANG_WARN__DUPLICATE_METHOD_MATCH = YES;
				COPY_PHASE_STRIP = NO;
				DEBUG_INFORMATION_FORMAT = "dwarf-with-dsym";
				ENABLE_NS_ASSERTIONS = NO;
				ENABLE_STRICT_OBJC_MSGSEND = YES;
				GCC_C_LANGUAGE_STANDARD = gnu11;
				GCC_NO_COMMON_BLOCKS = YES;
				GCC_WARN_64_TO_32_BIT_CONVERSION = YES;
				GCC_WARN_ABOUT_RETURN_TYPE = YES_ERROR;
				GCC_WARN_UNDECLARED_SELECTOR = YES;
				GCC_WARN_UNINITIALIZED_AUTOS = YES_AGGRESSIVE;
				GCC_WARN_UNUSED_FUNCTION = YES;
				GCC_WARN_UNUSED_VARIABLE = YES;
				IPHONEOS_DEPLOYMENT_TARGET = 13.0;
				MTL_ENABLE_DEBUG_INFO = NO;
				MTL_FAST_MATH = YES;
				SDKROOT = iphoneos;
				SWIFT_COMPILATION_MODE = wholemodule;
				SWIFT_OPTIMIZATION_LEVEL = "-O";
				VALIDATE_PRODUCT = YES;
			};
			name = Release;
		};
		BEC831A2239CA065005BF533 /* Debug */ = {
			isa = XCBuildConfiguration;
			buildSettings = {
				ASSETCATALOG_COMPILER_APPICON_NAME = AppIcon;
				CODE_SIGN_STYLE = Automatic;
				DEVELOPMENT_TEAM = S55722VFBC;
				INFOPLIST_FILE = ImagesLab/Info.plist;
				LD_RUNPATH_SEARCH_PATHS = (
					"$(inherited)",
					"@executable_path/Frameworks",
				);
				PRODUCT_BUNDLE_IDENTIFIER = oscarvictoria.ImagesLab;
				PRODUCT_NAME = "$(TARGET_NAME)";
				SWIFT_VERSION = 5.0;
				TARGETED_DEVICE_FAMILY = "1,2";
			};
			name = Debug;
		};
		BEC831A3239CA065005BF533 /* Release */ = {
			isa = XCBuildConfiguration;
			buildSettings = {
				ASSETCATALOG_COMPILER_APPICON_NAME = AppIcon;
				CODE_SIGN_STYLE = Automatic;
				DEVELOPMENT_TEAM = S55722VFBC;
				INFOPLIST_FILE = ImagesLab/Info.plist;
				LD_RUNPATH_SEARCH_PATHS = (
					"$(inherited)",
					"@executable_path/Frameworks",
				);
				PRODUCT_BUNDLE_IDENTIFIER = oscarvictoria.ImagesLab;
				PRODUCT_NAME = "$(TARGET_NAME)";
				SWIFT_VERSION = 5.0;
				TARGETED_DEVICE_FAMILY = "1,2";
			};
			name = Release;
		};
/* End XCBuildConfiguration section */

/* Begin XCConfigurationList section */
		BEC83188239CA062005BF533 /* Build configuration list for PBXProject "ImagesLab" */ = {
			isa = XCConfigurationList;
			buildConfigurations = (
				BEC8319F239CA065005BF533 /* Debug */,
				BEC831A0239CA065005BF533 /* Release */,
			);
			defaultConfigurationIsVisible = 0;
			defaultConfigurationName = Release;
		};
		BEC831A1239CA065005BF533 /* Build configuration list for PBXNativeTarget "ImagesLab" */ = {
			isa = XCConfigurationList;
			buildConfigurations = (
				BEC831A2239CA065005BF533 /* Debug */,
				BEC831A3239CA065005BF533 /* Release */,
			);
			defaultConfigurationIsVisible = 0;
			defaultConfigurationName = Release;
		};
/* End XCConfigurationList section */
	};
	rootObject = BEC83185239CA062005BF533 /* Project object */;
}
